
Microsoft Visual Studio Solution File, Format Version 12.00
# Visual Studio Version 17
VisualStudioVersion = 17.4.33205.214
MinimumVisualStudioVersion = 10.0.40219.1
Project("{2150E333-8FDC-42A3-9474-1A3956D46DE8}") = "Src", "Src", "{B164792C-BFCA-4A84-8DA2-599FC25506D4}"
EndProject
Project("{2150E333-8FDC-42A3-9474-1A3956D46DE8}") = "Core", "Core", "{EC184663-254A-47EA-9E36-6050BD8DCD35}"
EndProject
Project("{2150E333-8FDC-42A3-9474-1A3956D46DE8}") = "Infraestructure", "Infraestructure", "{A0C614FC-E5C1-4502-A64F-62B3619734C3}"
EndProject
Project("{2150E333-8FDC-42A3-9474-1A3956D46DE8}") = "Presentation", "Presentation", "{73DBF810-D14E-496E-AC1F-71ACFF1C7E24}"
EndProject
Project("{9A19103F-16F7-4668-BE54-9A1E7A4F7556}") = "Application", "Application\Application.csproj", "{7929D3F0-D888-4D85-9428-F9667AB6FA59}"
EndProject
Project("{9A19103F-16F7-4668-BE54-9A1E7A4F7556}") = "Domain", "Domain\Domain.csproj", "{E371F002-FC59-4C7F-AD60-674982124B12}"
EndProject
Project("{9A19103F-16F7-4668-BE54-9A1E7A4F7556}") = "Persistences", "Persistences\Persistences.csproj", "{A2ABB524-9505-4006-9F3B-54E1D33F940C}"
EndProject
Project("{9A19103F-16F7-4668-BE54-9A1E7A4F7556}") = "Shared", "Shared\Shared.csproj", "{BB50106D-83AE-48DA-A44E-57AA0A417E45}"
EndProject
Project("{FAE04EC0-301F-11D3-BF4B-00C04F79EFBC}") = "Banco.Api", "Banco.Api\Banco.Api.csproj", "{6B71B70D-ED6A-4861-98A4-5E973E66304A}"
EndProject
Project("{FAE04EC0-301F-11D3-BF4B-00C04F79EFBC}") = "Banco.Controllers", "Banco.Controllers\Banco.Controllers.csproj", "{7B90A60E-8FD8-404B-92D2-400AF661D2FD}"
EndProject
Global
	GlobalSection(SolutionConfigurationPlatforms) = preSolution
		Debug|Any CPU = Debug|Any CPU
		Release|Any CPU = Release|Any CPU
	EndGlobalSection
	GlobalSection(ProjectConfigurationPlatforms) = postSolution
		{7929D3F0-D888-4D85-9428-F9667AB6FA59}.Debug|Any CPU.ActiveCfg = Debug|Any CPU
		{7929D3F0-D888-4D85-9428-F9667AB6FA59}.Debug|Any CPU.Build.0 = Debug|Any CPU
		{7929D3F0-D888-4D85-9428-F9667AB6FA59}.Release|Any CPU.ActiveCfg = Release|Any CPU
		{7929D3F0-D888-4D85-9428-F9667AB6FA59}.Release|Any CPU.Build.0 = Release|Any CPU
		{E371F002-FC59-4C7F-AD60-674982124B12}.Debug|Any CPU.ActiveCfg = Debug|Any CPU
		{E371F002-FC59-4C7F-AD60-674982124B12}.Debug|Any CPU.Build.0 = Debug|Any CPU
		{E371F002-FC59-4C7F-AD60-674982124B12}.Release|Any CPU.ActiveCfg = Release|Any CPU
		{E371F002-FC59-4C7F-AD60-674982124B12}.Release|Any CPU.Build.0 = Release|Any CPU
		{A2ABB524-9505-4006-9F3B-54E1D33F940C}.Debug|Any CPU.ActiveCfg = Debug|Any CPU
		{A2ABB524-9505-4006-9F3B-54E1D33F940C}.Debug|Any CPU.Build.0 = Debug|Any CPU
		{A2ABB524-9505-4006-9F3B-54E1D33F940C}.Release|Any CPU.ActiveCfg = Release|Any CPU
		{A2ABB524-9505-4006-9F3B-54E1D33F940C}.Release|Any CPU.Build.0 = Release|Any CPU
		{BB50106D-83AE-48DA-A44E-57AA0A417E45}.Debug|Any CPU.ActiveCfg = Debug|Any CPU
		{BB50106D-83AE-48DA-A44E-57AA0A417E45}.Debug|Any CPU.Build.0 = Debug|Any CPU
		{BB50106D-83AE-48DA-A44E-57AA0A417E45}.Release|Any CPU.ActiveCfg = Release|Any CPU
		{BB50106D-83AE-48DA-A44E-57AA0A417E45}.Release|Any CPU.Build.0 = Release|Any CPU
		{6B71B70D-ED6A-4861-98A4-5E973E66304A}.Debug|Any CPU.ActiveCfg = Debug|Any CPU
		{6B71B70D-ED6A-4861-98A4-5E973E66304A}.Debug|Any CPU.Build.0 = Debug|Any CPU
		{6B71B70D-ED6A-4861-98A4-5E973E66304A}.Release|Any CPU.ActiveCfg = Release|Any CPU
		{6B71B70D-ED6A-4861-98A4-5E973E66304A}.Release|Any CPU.Build.0 = Release|Any CPU
		{7B90A60E-8FD8-404B-92D2-400AF661D2FD}.Debug|Any CPU.ActiveCfg = Debug|Any CPU
		{7B90A60E-8FD8-404B-92D2-400AF661D2FD}.Debug|Any CPU.Build.0 = Debug|Any CPU
		{7B90A60E-8FD8-404B-92D2-400AF661D2FD}.Release|Any CPU.ActiveCfg = Release|Any CPU
		{7B90A60E-8FD8-404B-92D2-400AF661D2FD}.Release|Any CPU.Build.0 = Release|Any CPU
	EndGlobalSection
	GlobalSection(SolutionProperties) = preSolution
		HideSolutionNode = FALSE
	EndGlobalSection
	GlobalSection(NestedProjects) = preSolution
		{EC184663-254A-47EA-9E36-6050BD8DCD35} = {B164792C-BFCA-4A84-8DA2-599FC25506D4}
		{A0C614FC-E5C1-4502-A64F-62B3619734C3} = {B164792C-BFCA-4A84-8DA2-599FC25506D4}
		{73DBF810-D14E-496E-AC1F-71ACFF1C7E24} = {B164792C-BFCA-4A84-8DA2-599FC25506D4}
		{7929D3F0-D888-4D85-9428-F9667AB6FA59} = {EC184663-254A-47EA-9E36-6050BD8DCD35}
		{E371F002-FC59-4C7F-AD60-674982124B12} = {EC184663-254A-47EA-9E36-6050BD8DCD35}
		{A2ABB524-9505-4006-9F3B-54E1D33F940C} = {A0C614FC-E5C1-4502-A64F-62B3619734C3}
		{BB50106D-83AE-48DA-A44E-57AA0A417E45} = {A0C614FC-E5C1-4502-A64F-62B3619734C3}
		{6B71B70D-ED6A-4861-98A4-5E973E66304A} = {73DBF810-D14E-496E-AC1F-71ACFF1C7E24}
		{7B90A60E-8FD8-404B-92D2-400AF661D2FD} = {73DBF810-D14E-496E-AC1F-71ACFF1C7E24}
	EndGlobalSection
	GlobalSection(ExtensibilityGlobals) = postSolution
		SolutionGuid = {850E65CF-9C25-45E2-8DCC-7276E9F3EAE1}
	EndGlobalSection
EndGlobal
